// !$*UTF8*$!
{
	archiveVersion = 1;
	classes = {
	};
	objectVersion = 77;
	objects = {

/* Begin PBXBuildFile section */
		523BB68143DE5753C8651BC6 /* FormaWidgets.appex in Embed App Extensions */ = {isa = PBXBuildFile; fileRef = 861665FA01BE509D80EC41B7 /* FormaWidgets.appex */; settings = {ATTRIBUTES = (RemoveHeadersOnCopy, ); }; };
		9B49CD9F2F9BD0CD001B86CD /* DeviceActivity.framework in Frameworks */ = {isa = PBXBuildFile; fileRef = 9B49CD9E2F9BD0CD001B86CD /* DeviceActivity.framework */; };
		9B49CDA72F9BD0CE001B86CD /* ScreenTimeMonitor.appex in Embed App Extensions */ = {isa = PBXBuildFile; fileRef = 9B49CD9C2F9BD0CC001B86CD /* ScreenTimeMonitor.appex */; settings = {ATTRIBUTES = (RemoveHeadersOnCopy, ); }; };
/* End PBXBuildFile section */

/* Begin PBXContainerItemProxy section */
		28FB1F3F2EA6907417BA296F /* PBXContainerItemProxy */ = {
			isa = PBXContainerItemProxy;
			containerPortal = 9B1D79242F96937600717AF7 /* Project object */;
			proxyType = 1;
			remoteGlobalIDString = E08368205364EC5E36C18575;
			remoteInfo = FormaWidgets;
		};
		9B1D793C2F96937A00717AF7 /* PBXContainerItemProxy */ = {
			isa = PBXContainerItemProxy;
			containerPortal = 9B1D79242F96937600717AF7 /* Project object */;
			proxyType = 1;
			remoteGlobalIDString = 9B1D792B2F96937600717AF7;
			remoteInfo = "forma-ios";
		};
		9B1D79462F96937A00717AF7 /* PBXContainerItemProxy */ = {
			isa = PBXContainerItemProxy;
			containerPortal = 9B1D79242F96937600717AF7 /* Project object */;
			proxyType = 1;
			remoteGlobalIDString = 9B1D792B2F96937600717AF7;
			remoteInfo = "forma-ios";
		};
		9B49CDA52F9BD0CE001B86CD /* PBXContainerItemProxy */ = {
			isa = PBXContainerItemProxy;
			containerPortal = 9B1D79242F96937600717AF7 /* Project object */;
			proxyType = 1;
			remoteGlobalIDString = 9B49CD9B2F9BD0CC001B86CD;
			remoteInfo = ScreenTimeMonitor;
		};
/* End PBXContainerItemProxy section */

/* Begin PBXCopyFilesBuildPhase section */
		223D8E5143946CDD64A2D3F6 /* Embed App Extensions */ = {
			isa = PBXCopyFilesBuildPhase;
			buildActionMask = 2147483647;
			dstPath = "";
			dstSubfolderSpec = 13;
			files = (
				9B49CDA72F9BD0CE001B86CD /* ScreenTimeMonitor.appex in Embed App Extensions */,
				523BB68143DE5753C8651BC6 /* FormaWidgets.appex in Embed App Extensions */,
			);
			name = "Embed App Extensions";
			runOnlyForDeploymentPostprocessing = 0;
		};
/* End PBXCopyFilesBuildPhase section */

/* Begin PBXFileReference section */
		861665FA01BE509D80EC41B7 /* FormaWidgets.appex */ = {isa = PBXFileReference; explicitFileType = "wrapper.app-extension"; includeInIndex = 0; path = FormaWidgets.appex; sourceTree = BUILT_PRODUCTS_DIR; };
		9B1D792C2F96937600717AF7 /* forma-ios.app */ = {isa = PBXFileReference; explicitFileType = wrapper.application; includeInIndex = 0; path = "forma-ios.app"; sourceTree = BUILT_PRODUCTS_DIR; };
		9B1D793B2F96937A00717AF7 /* forma-iosTests.xctest */ = {isa = PBXFileReference; explicitFileType = wrapper.cfbundle; includeInIndex = 0; path = "forma-iosTests.xctest"; sourceTree = BUILT_PRODUCTS_DIR; };
		9B1D79452F96937A00717AF7 /* forma-iosUITests.xctest */ = {isa = PBXFileReference; explicitFileType = wrapper.cfbundle; includeInIndex = 0; path = "forma-iosUITests.xctest"; sourceTree = BUILT_PRODUCTS_DIR; };
		9B49CD9C2F9BD0CC001B86CD /* ScreenTimeMonitor.appex */ = {isa = PBXFileReference; explicitFileType = "wrapper.app-extension"; includeInIndex = 0; path = ScreenTimeMonitor.appex; sourceTree = BUILT_PRODUCTS_DIR; };
		9B49CD9E2F9BD0CD001B86CD /* DeviceActivity.framework */ = {isa = PBXFileReference; lastKnownFileType = wrapper.framework; name = DeviceActivity.framework; path = System/Library/Frameworks/DeviceActivity.framework; sourceTree = SDKROOT; };
/* End PBXFileReference section */

/* Begin PBXFileSystemSynchronizedBuildFileExceptionSet section */
		46F2424E06828D9BDD82EA74 /* Exceptions for "FormaWidgets" folder in "FormaWidgets" target */ = {
			isa = PBXFileSystemSynchronizedBuildFileExceptionSet;
			membershipExceptions = (
				Info.plist,
			);
			target = E08368205364EC5E36C18575 /* FormaWidgets */;
		};
		9B49CDAA2F9BD0CE001B86CD /* Exceptions for "ScreenTimeMonitor" folder in "ScreenTimeMonitor" target */ = {
			isa = PBXFileSystemSynchronizedBuildFileExceptionSet;
			membershipExceptions = (
				Info.plist,
			);
			target = 9B49CD9B2F9BD0CC001B86CD /* ScreenTimeMonitor */;
		};
/* End PBXFileSystemSynchronizedBuildFileExceptionSet section */

/* Begin PBXFileSystemSynchronizedRootGroup section */
		9B1D792E2F96937600717AF7 /* forma-ios */ = {
			isa = PBXFileSystemSynchronizedRootGroup;
			path = "forma-ios";
			sourceTree = "<group>";
		};
		9B1D793E2F96937A00717AF7 /* forma-iosTests */ = {
			isa = PBXFileSystemSynchronizedRootGroup;
			path = "forma-iosTests";
			sourceTree = "<group>";
		};
		9B1D79482F96937A00717AF7 /* forma-iosUITests */ = {
			isa = PBXFileSystemSynchronizedRootGroup;
			path = "forma-iosUITests";
			sourceTree = "<group>";
		};
		9B49CDA02F9BD0CE001B86CD /* ScreenTimeMonitor */ = {
			isa = PBXFileSystemSynchronizedRootGroup;
			exceptions = (
				9B49CDAA2F9BD0CE001B86CD /* Exceptions for "ScreenTimeMonitor" folder in "ScreenTimeMonitor" target */,
			);
			path = ScreenTimeMonitor;
			sourceTree = "<group>";
		};
		A72CF36A3AA57AD5296FAA32 /* FormaShared */ = {
			isa = PBXFileSystemSynchronizedRootGroup;
			path = FormaShared;
			sourceTree = "<group>";
		};
		CEF2D65DCCE87E33F1E92561 /* FormaWidgets */ = {
			isa = PBXFileSystemSynchronizedRootGroup;
			exceptions = (
				46F2424E06828D9BDD82EA74 /* Exceptions for "FormaWidgets" folder in "FormaWidgets" target */,
			);
			path = FormaWidgets;
			sourceTree = "<group>";
		};
/* End PBXFileSystemSynchronizedRootGroup section */

/* Begin PBXFrameworksBuildPhase section */
		33235222C4FDF0D88D320179 /* Frameworks */ = {
			isa = PBXFrameworksBuildPhase;
			buildActionMask = 2147483647;
			files = (
			);
			runOnlyForDeploymentPostprocessing = 0;
		};
		9B1D79292F96937600717AF7 /* Frameworks */ = {
			isa = PBXFrameworksBuildPhase;
			buildActionMask = 2147483647;
			files = (
			);
			runOnlyForDeploymentPostprocessing = 0;
		};
		9B1D79382F96937A00717AF7 /* Frameworks */ = {
			isa = PBXFrameworksBuildPhase;
			buildActionMask = 2147483647;
			files = (
			);
			runOnlyForDeploymentPostprocessing = 0;
		};
		9B1D79422F96937A00717AF7 /* Frameworks */ = {
			isa = PBXFrameworksBuildPhase;
			buildActionMask = 2147483647;
			files = (
			);
			runOnlyForDeploymentPostprocessing = 0;
		};
		9B49CD992F9BD0CC001B86CD /* Frameworks */ = {
			isa = PBXFrameworksBuildPhase;
			buildActionMask = 2147483647;
			files = (
				9B49CD9F2F9BD0CD001B86CD /* DeviceActivity.framework in Frameworks */,
			);
			runOnlyForDeploymentPostprocessing = 0;
		};
/* End PBXFrameworksBuildPhase section */

/* Begin PBXGroup section */
		9B1D79232F96937600717AF7 = {
			isa = PBXGroup;
			children = (
				9B1D792E2F96937600717AF7 /* forma-ios */,
				9B1D793E2F96937A00717AF7 /* forma-iosTests */,
				9B1D79482F96937A00717AF7 /* forma-iosUITests */,
				9B49CDA02F9BD0CE001B86CD /* ScreenTimeMonitor */,
				9B49CD9D2F9BD0CD001B86CD /* Frameworks */,
				9B1D792D2F96937600717AF7 /* Products */,
				A72CF36A3AA57AD5296FAA32 /* FormaShared */,
				CEF2D65DCCE87E33F1E92561 /* FormaWidgets */,
			);
			sourceTree = "<group>";
		};
		9B1D792D2F96937600717AF7 /* Products */ = {
			isa = PBXGroup;
			children = (
				9B1D792C2F96937600717AF7 /* forma-ios.app */,
				9B1D793B2F96937A00717AF7 /* forma-iosTests.xctest */,
				9B1D79452F96937A00717AF7 /* forma-iosUITests.xctest */,
				861665FA01BE509D80EC41B7 /* FormaWidgets.appex */,
				9B49CD9C2F9BD0CC001B86CD /* ScreenTimeMonitor.appex */,
			);
			name = Products;
			sourceTree = "<group>";
		};
		9B49CD9D2F9BD0CD001B86CD /* Frameworks */ = {
			isa = PBXGroup;
			children = (
				9B49CD9E2F9BD0CD001B86CD /* DeviceActivity.framework */,
			);
			name = Frameworks;
			sourceTree = "<group>";
		};
/* End PBXGroup section */

/* Begin PBXNativeTarget section */
		9B1D792B2F96937600717AF7 /* forma-ios */ = {
			isa = PBXNativeTarget;
			buildConfigurationList = 9B1D794F2F96937A00717AF7 /* Build configuration list for PBXNativeTarget "forma-ios" */;
			buildPhases = (
				9B1D79282F96937600717AF7 /* Sources */,
				9B1D79292F96937600717AF7 /* Frameworks */,
				9B1D792A2F96937600717AF7 /* Resources */,
				223D8E5143946CDD64A2D3F6 /* Embed App Extensions */,
			);
			buildRules = (
			);
			dependencies = (
				91AB9E4ABBA13415F9426267 /* PBXTargetDependency */,
				9B49CDA62F9BD0CE001B86CD /* PBXTargetDependency */,
			);
			fileSystemSynchronizedGroups = (
				9B1D792E2F96937600717AF7 /* forma-ios */,
				A72CF36A3AA57AD5296FAA32 /* FormaShared */,
			);
			name = "forma-ios";
			productName = "forma-ios";
			productReference = 9B1D792C2F96937600717AF7 /* forma-ios.app */;
			productType = "com.apple.product-type.application";
		};
		9B1D793A2F96937A00717AF7 /* forma-iosTests */ = {
			isa = PBXNativeTarget;
			buildConfigurationList = 9B1D79522F96937A00717AF7 /* Build configuration list for PBXNativeTarget "forma-iosTests" */;
			buildPhases = (
				9B1D79372F96937A00717AF7 /* Sources */,
				9B1D79382F96937A00717AF7 /* Frameworks */,
				9B1D79392F96937A00717AF7 /* Resources */,
			);
			buildRules = (
			);
			dependencies = (
				9B1D793D2F96937A00717AF7 /* PBXTargetDependency */,
			);
			fileSystemSynchronizedGroups = (
				9B1D793E2F96937A00717AF7 /* forma-iosTests */,
			);
			name = "forma-iosTests";
			productName = "forma-iosTests";
			productReference = 9B1D793B2F96937A00717AF7 /* forma-iosTests.xctest */;
			productType = "com.apple.product-type.bundle.unit-test";
		};
		9B1D79442F96937A00717AF7 /* forma-iosUITests */ = {
			isa = PBXNativeTarget;
			buildConfigurationList = 9B1D79552F96937A00717AF7 /* Build configuration list for PBXNativeTarget "forma-iosUITests" */;
			buildPhases = (
				9B1D79412F96937A00717AF7 /* Sources */,
				9B1D79422F96937A00717AF7 /* Frameworks */,
				9B1D79432F96937A00717AF7 /* Resources */,
			);
			buildRules = (
			);
			dependencies = (
				9B1D79472F96937A00717AF7 /* PBXTargetDependency */,
			);
			fileSystemSynchronizedGroups = (
				9B1D79482F96937A00717AF7 /* forma-iosUITests */,
			);
			name = "forma-iosUITests";
			productName = "forma-iosUITests";
			productReference = 9B1D79452F96937A00717AF7 /* forma-iosUITests.xctest */;
			productType = "com.apple.product-type.bundle.ui-testing";
		};
		9B49CD9B2F9BD0CC001B86CD /* ScreenTimeMonitor */ = {
			isa = PBXNativeTarget;
			buildConfigurationList = 9B49CDAB2F9BD0CE001B86CD /* Build configuration list for PBXNativeTarget "ScreenTimeMonitor" */;
			buildPhases = (
				9B49CD982F9BD0CC001B86CD /* Sources */,
				9B49CD992F9BD0CC001B86CD /* Frameworks */,
				9B49CD9A2F9BD0CC001B86CD /* Resources */,
			);
			buildRules = (
			);
			dependencies = (
			);
			fileSystemSynchronizedGroups = (
				9B49CDA02F9BD0CE001B86CD /* ScreenTimeMonitor */,
			);
			name = ScreenTimeMonitor;
			packageProductDependencies = (
			);
			productName = ScreenTimeMonitor;
			productReference = 9B49CD9C2F9BD0CC001B86CD /* ScreenTimeMonitor.appex */;
			productType = "com.apple.product-type.app-extension";
		};
		E08368205364EC5E36C18575 /* FormaWidgets */ = {
			isa = PBXNativeTarget;
			buildConfigurationList = ADA955FA4D38EA6E3736755C /* Build configuration list for PBXNativeTarget "FormaWidgets" */;
			buildPhases = (
				51D1780B48CDE85A8A727582 /* Sources */,
				33235222C4FDF0D88D320179 /* Frameworks */,
				7614CABB63C63012C8FBC44B /* Resources */,
			);
			buildRules = (
			);
			dependencies = (
			);
			fileSystemSynchronizedGroups = (
				A72CF36A3AA57AD5296FAA32 /* FormaShared */,
				CEF2D65DCCE87E33F1E92561 /* FormaWidgets */,
			);
			name = FormaWidgets;
			productName = FormaWidgets;
			productReference = 861665FA01BE509D80EC41B7 /* FormaWidgets.appex */;
			productType = "com.apple.product-type.app-extension";
		};
/* End PBXNativeTarget section */

/* Begin PBXProject section */
		9B1D79242F96937600717AF7 /* Project object */ = {
			isa = PBXProject;
			attributes = {
				BuildIndependentTargetsInParallel = 1;
				LastSwiftUpdateCheck = 2640;
				LastUpgradeCheck = 2640;
				TargetAttributes = {
					9B1D792B2F96937600717AF7 = {
						CreatedOnToolsVersion = 26.4.1;
					};
					9B1D793A2F96937A00717AF7 = {
						CreatedOnToolsVersion = 26.4.1;
						TestTargetID = 9B1D792B2F96937600717AF7;
					};
					9B1D79442F96937A00717AF7 = {
						CreatedOnToolsVersion = 26.4.1;
						TestTargetID = 9B1D792B2F96937600717AF7;
					};
					9B49CD9B2F9BD0CC001B86CD = {
						CreatedOnToolsVersion = 26.4.1;
					};
				};
			};
			buildConfigurationList = 9B1D79272F96937600717AF7 /* Build configuration list for PBXProject "forma-ios" */;
			developmentRegion = en;
			hasScannedForEncodings = 0;
			knownRegions = (
				en,
				Base,
			);
			mainGroup = 9B1D79232F96937600717AF7;
			minimizedProjectReferenceProxies = 1;
			preferredProjectObjectVersion = 77;
			productRefGroup = 9B1D792D2F96937600717AF7 /* Products */;
			projectDirPath = "";
			projectRoot = "";
			targets = (
				9B1D792B2F96937600717AF7 /* forma-ios */,
				9B1D793A2F96937A00717AF7 /* forma-iosTests */,
				9B1D79442F96937A00717AF7 /* forma-iosUITests */,
				E08368205364EC5E36C18575 /* FormaWidgets */,
				9B49CD9B2F9BD0CC001B86CD /* ScreenTimeMonitor */,
			);
		};
/* End PBXProject section */

/* Begin PBXResourcesBuildPhase section */
		7614CABB63C63012C8FBC44B /* Resources */ = {
			isa = PBXResourcesBuildPhase;
			buildActionMask = 2147483647;
			files = (
			);
			runOnlyForDeploymentPostprocessing = 0;
		};
		9B1D792A2F96937600717AF7 /* Resources */ = {
			isa = PBXResourcesBuildPhase;
			buildActionMask = 2147483647;
			files = (
			);
			runOnlyForDeploymentPostprocessing = 0;
		};
		9B1D79392F96937A00717AF7 /* Resources */ = {
			isa = PBXResourcesBuildPhase;
			buildActionMask = 2147483647;
			files = (
			);
			runOnlyForDeploymentPostprocessing = 0;
		};
		9B1D79432F96937A00717AF7 /* Resources */ = {
			isa = PBXResourcesBuildPhase;
			buildActionMask = 2147483647;
			files = (
			);
			runOnlyForDeploymentPostprocessing = 0;
		};
		9B49CD9A2F9BD0CC001B86CD /* Resources */ = {
			isa = PBXResourcesBuildPhase;
			buildActionMask = 2147483647;
			files = (
			);
			runOnlyForDeploymentPostprocessing = 0;
		};
/* End PBXResourcesBuildPhase section */

/* Begin PBXSourcesBuildPhase section */
		51D1780B48CDE85A8A727582 /* Sources */ = {
			isa = PBXSourcesBuildPhase;
			buildActionMask = 2147483647;
			files = (
			);
			runOnlyForDeploymentPostprocessing = 0;
		};
		9B1D79282F96937600717AF7 /* Sources */ = {
			isa = PBXSourcesBuildPhase;
			buildActionMask = 2147483647;
			files = (
			);
			runOnlyForDeploymentPostprocessing = 0;
		};
		9B1D79372F96937A00717AF7 /* Sources */ = {
			isa = PBXSourcesBuildPhase;
			buildActionMask = 2147483647;
			files = (
			);
			runOnlyForDeploymentPostprocessing = 0;
		};
		9B1D79412F96937A00717AF7 /* Sources */ = {
			isa = PBXSourcesBuildPhase;
			buildActionMask = 2147483647;
			files = (
			);
			runOnlyForDeploymentPostprocessing = 0;
		};
		9B49CD982F9BD0CC001B86CD /* Sources */ = {
			isa = PBXSourcesBuildPhase;
			buildActionMask = 2147483647;
			files = (
			);
			runOnlyForDeploymentPostprocessing = 0;
		};
/* End PBXSourcesBuildPhase section */

/* Begin PBXTargetDependency section */
		91AB9E4ABBA13415F9426267 /* PBXTargetDependency */ = {
			isa = PBXTargetDependency;
			name = FormaWidgets;
			target = E08368205364EC5E36C18575 /* FormaWidgets */;
			targetProxy = 28FB1F3F2EA6907417BA296F /* PBXContainerItemProxy */;
		};
		9B1D793D2F96937A00717AF7 /* PBXTargetDependency */ = {
			isa = PBXTargetDependency;
			target = 9B1D792B2F96937600717AF7 /* forma-ios */;
			targetProxy = 9B1D793C2F96937A00717AF7 /* PBXContainerItemProxy */;
		};
		9B1D79472F96937A00717AF7 /* PBXTargetDependency */ = {
			isa = PBXTargetDependency;
			target = 9B1D792B2F96937600717AF7 /* forma-ios */;
			targetProxy = 9B1D79462F96937A00717AF7 /* PBXContainerItemProxy */;
		};
		9B49CDA62F9BD0CE001B86CD /* PBXTargetDependency */ = {
			isa = PBXTargetDependency;
			target = 9B49CD9B2F9BD0CC001B86CD /* ScreenTimeMonitor */;
			targetProxy = 9B49CDA52F9BD0CE001B86CD /* PBXContainerItemProxy */;
		};
/* End PBXTargetDependency section */

/* Begin XCBuildConfiguration section */
		373C165C4457C7C2F4355B9C /* Release */ = {
			isa = XCBuildConfiguration;
			buildSettings = {
				CODE_SIGN_ENTITLEMENTS = FormaWidgets/FormaWidgets.entitlements;
				CODE_SIGN_STYLE = Automatic;
				CURRENT_PROJECT_VERSION = 1;
				DEBUG_INFORMATION_FORMAT = "dwarf-with-dsym";
				DEVELOPMENT_TEAM = YLN8JUVVX3;
				GENERATE_INFOPLIST_FILE = NO;
				INFOPLIST_FILE = FormaWidgets/Info.plist;
				INFOPLIST_KEY_CFBundleDisplayName = "Forma Widgets";
				IPHONEOS_DEPLOYMENT_TARGET = 26.4;
				LD_RUNPATH_SEARCH_PATHS = (
					"$(inherited)",
					"@executable_path/Frameworks",
					"@executable_path/../../Frameworks",
				);
				MARKETING_VERSION = 1.0;
				PRODUCT_BUNDLE_IDENTIFIER = "jashanveer.forma-ios.FormaWidgets";
				PRODUCT_NAME = "$(TARGET_NAME)";
				SDKROOT = iphoneos;
				SKIP_INSTALL = YES;
				SWIFT_COMPILATION_MODE = wholemodule;
				SWIFT_EMIT_LOC_STRINGS = YES;
				SWIFT_VERSION = 5.0;
				TARGETED_DEVICE_FAMILY = "1,2";
			};
			name = Release;
		};
		5CA701396E3B0E05403EE438 /* Debug */ = {
			isa = XCBuildConfiguration;
			buildSettings = {
				CODE_SIGN_ENTITLEMENTS = FormaWidgets/FormaWidgets.entitlements;
				CODE_SIGN_STYLE = Automatic;
				CURRENT_PROJECT_VERSION = 1;
				DEBUG_INFORMATION_FORMAT = dwarf;
				DEVELOPMENT_TEAM = YLN8JUVVX3;
				GENERATE_INFOPLIST_FILE = NO;
				INFOPLIST_FILE = FormaWidgets/Info.plist;
				INFOPLIST_KEY_CFBundleDisplayName = "Forma Widgets";
				IPHONEOS_DEPLOYMENT_TARGET = 26.4;
				LD_RUNPATH_SEARCH_PATHS = (
					"$(inherited)",
					"@executable_path/Frameworks",
					"@executable_path/../../Frameworks",
				);
				MARKETING_VERSION = 1.0;
				ONLY_ACTIVE_ARCH = YES;
				PRODUCT_BUNDLE_IDENTIFIER = "jashanveer.forma-ios.FormaWidgets";
				PRODUCT_NAME = "$(TARGET_NAME)";
				SDKROOT = iphoneos;
				SKIP_INSTALL = YES;
				SWIFT_ACTIVE_COMPILATION_CONDITIONS = DEBUG;
				SWIFT_EMIT_LOC_STRINGS = YES;
				SWIFT_OPTIMIZATION_LEVEL = "-Onone";
				SWIFT_VERSION = 5.0;
				TARGETED_DEVICE_FAMILY = "1,2";
			};
			name = Debug;
		};
		9B1D794D2F96937A00717AF7 /* Debug */ = {
			isa = XCBuildConfiguration;
			buildSettings = {
				ALWAYS_SEARCH_USER_PATHS = NO;
				ASSETCATALOG_COMPILER_GENERATE_SWIFT_ASSET_SYMBOL_EXTENSIONS = YES;
				CLANG_ANALYZER_NONNULL = YES;
				CLANG_ANALYZER_NUMBER_OBJECT_CONVERSION = YES_AGGRESSIVE;
				CLANG_CXX_LANGUAGE_STANDARD = "gnu++20";
				CLANG_ENABLE_MODULES = YES;
				CLANG_ENABLE_OBJC_ARC = YES;
				CLANG_ENABLE_OBJC_WEAK = YES;
				CLANG_WARN_BLOCK_CAPTURE_AUTORELEASING = YES;
				CLANG_WARN_BOOL_CONVERSION = YES;
				CLANG_WARN_COMMA = YES;
				CLANG_WARN_CONSTANT_CONVERSION = YES;
				CLANG_WARN_DEPRECATED_OBJC_IMPLEMENTATIONS = YES;
				CLANG_WARN_DIRECT_OBJC_ISA_USAGE = YES_ERROR;
				CLANG_WARN_DOCUMENTATION_COMMENTS = YES;
				CLANG_WARN_EMPTY_BODY = YES;
				CLANG_WARN_ENUM_CONVERSION = YES;
				CLANG_WARN_INFINITE_RECURSION = YES;
				CLANG_WARN_INT_CONVERSION = YES;
				CLANG_WARN_NON_LITERAL_NULL_CONVERSION = YES;
				CLANG_WARN_OBJC_IMPLICIT_RETAIN_SELF = YES;
				CLANG_WARN_OBJC_LITERAL_CONVERSION = YES;
				CLANG_WARN_OBJC_ROOT_CLASS = YES_ERROR;
				CLANG_WARN_QUOTED_INCLUDE_IN_FRAMEWORK_HEADER = YES;
				CLANG_WARN_RANGE_LOOP_ANALYSIS = YES;
				CLANG_WARN_STRICT_PROTOTYPES = YES;
				CLANG_WARN_SUSPICIOUS_MOVE = YES;
				CLANG_WARN_UNGUARDED_AVAILABILITY = YES_AGGRESSIVE;
				CLANG_WARN_UNREACHABLE_CODE = YES;
				CLANG_WARN__DUPLICATE_METHOD_MATCH = YES;
				COPY_PHASE_STRIP = NO;
				DEBUG_INFORMATION_FORMAT = dwarf;
				DEVELOPMENT_TEAM = YLN8JUVVX3;
				ENABLE_STRICT_OBJC_MSGSEND = YES;
				ENABLE_TESTABILITY = YES;
				ENABLE_USER_SCRIPT_SANDBOXING = YES;
				GCC_C_LANGUAGE_STANDARD = gnu17;
				GCC_DYNAMIC_NO_PIC = NO;
				GCC_NO_COMMON_BLOCKS = YES;
				GCC_OPTIMIZATION_LEVEL = 0;
				GCC_PREPROCESSOR_DEFINITIONS = (
					"DEBUG=1",
					"$(inherited)",
				);
				GCC_WARN_64_TO_32_BIT_CONVERSION = YES;
				GCC_WARN_ABOUT_RETURN_TYPE = YES_ERROR;
				GCC_WARN_UNDECLARED_SELECTOR = YES;
				GCC_WARN_UNINITIALIZED_AUTOS = YES_AGGRESSIVE;
				GCC_WARN_UNUSED_FUNCTION = YES;
				GCC_WARN_UNUSED_VARIABLE = YES;
				IPHONEOS_DEPLOYMENT_TARGET = 26.4;
				LOCALIZATION_PREFERS_STRING_CATALOGS = YES;
				MTL_ENABLE_DEBUG_INFO = INCLUDE_SOURCE;
				MTL_FAST_MATH = YES;
				ONLY_ACTIVE_ARCH = YES;
				SDKROOT = iphoneos;
				SWIFT_ACTIVE_COMPILATION_CONDITIONS = "DEBUG $(inherited)";
				SWIFT_OPTIMIZATION_LEVEL = "-Onone";
			};
			name = Debug;
		};
		9B1D794E2F96937A00717AF7 /* Release */ = {
			isa = XCBuildConfiguration;
			buildSettings = {
				ALWAYS_SEARCH_USER_PATHS = NO;
				ASSETCATALOG_COMPILER_GENERATE_SWIFT_ASSET_SYMBOL_EXTENSIONS = YES;
				CLANG_ANALYZER_NONNULL = YES;
				CLANG_ANALYZER_NUMBER_OBJECT_CONVERSION = YES_AGGRESSIVE;
				CLANG_CXX_LANGUAGE_STANDARD = "gnu++20";
				CLANG_ENABLE_MODULES = YES;
				CLANG_ENABLE_OBJC_ARC = YES;
				CLANG_ENABLE_OBJC_WEAK = YES;
				CLANG_WARN_BLOCK_CAPTURE_AUTORELEASING = YES;
				CLANG_WARN_BOOL_CONVERSION = YES;
				CLANG_WARN_COMMA = YES;
				CLANG_WARN_CONSTANT_CONVERSION = YES;
				CLANG_WARN_DEPRECATED_OBJC_IMPLEMENTATIONS = YES;
				CLANG_WARN_DIRECT_OBJC_ISA_USAGE = YES_ERROR;
				CLANG_WARN_DOCUMENTATION_COMMENTS = YES;
				CLANG_WARN_EMPTY_BODY = YES;
				CLANG_WARN_ENUM_CONVERSION = YES;
				CLANG_WARN_INFINITE_RECURSION = YES;
				CLANG_WARN_INT_CONVERSION = YES;
				CLANG_WARN_NON_LITERAL_NULL_CONVERSION = YES;
				CLANG_WARN_OBJC_IMPLICIT_RETAIN_SELF = YES;
				CLANG_WARN_OBJC_LITERAL_CONVERSION = YES;
				CLANG_WARN_OBJC_ROOT_CLASS = YES_ERROR;
				CLANG_WARN_QUOTED_INCLUDE_IN_FRAMEWORK_HEADER = YES;
				CLANG_WARN_RANGE_LOOP_ANALYSIS = YES;
				CLANG_WARN_STRICT_PROTOTYPES = YES;
				CLANG_WARN_SUSPICIOUS_MOVE = YES;
				CLANG_WARN_UNGUARDED_AVAILABILITY = YES_AGGRESSIVE;
				CLANG_WARN_UNREACHABLE_CODE = YES;
				CLANG_WARN__DUPLICATE_METHOD_MATCH = YES;
				COPY_PHASE_STRIP = NO;
				DEBUG_INFORMATION_FORMAT = "dwarf-with-dsym";
				DEVELOPMENT_TEAM = YLN8JUVVX3;
				ENABLE_NS_ASSERTIONS = NO;
				ENABLE_STRICT_OBJC_MSGSEND = YES;
				ENABLE_USER_SCRIPT_SANDBOXING = YES;
				GCC_C_LANGUAGE_STANDARD = gnu17;
				GCC_NO_COMMON_BLOCKS = YES;
				GCC_WARN_64_TO_32_BIT_CONVERSION = YES;
				GCC_WARN_ABOUT_RETURN_TYPE = YES_ERROR;
				GCC_WARN_UNDECLARED_SELECTOR = YES;
				GCC_WARN_UNINITIALIZED_AUTOS = YES_AGGRESSIVE;
				GCC_WARN_UNUSED_FUNCTION = YES;
				GCC_WARN_UNUSED_VARIABLE = YES;
				IPHONEOS_DEPLOYMENT_TARGET = 26.4;
				LOCALIZATION_PREFERS_STRING_CATALOGS = YES;
				MTL_ENABLE_DEBUG_INFO = NO;
				MTL_FAST_MATH = YES;
				SDKROOT = iphoneos;
				SWIFT_COMPILATION_MODE = wholemodule;
				VALIDATE_PRODUCT = YES;
			};
			name = Release;
		};
		9B1D79502F96937A00717AF7 /* Debug */ = {
			isa = XCBuildConfiguration;
			buildSettings = {
				ASSETCATALOG_COMPILER_APPICON_NAME = AppIcon;
				ASSETCATALOG_COMPILER_GLOBAL_ACCENT_COLOR_NAME = AccentColor;
				CODE_SIGN_ENTITLEMENTS = "forma-ios.entitlements";
				CODE_SIGN_STYLE = Automatic;
				CURRENT_PROJECT_VERSION = 1;
				DEVELOPMENT_TEAM = YLN8JUVVX3;
				ENABLE_PREVIEWS = YES;
				GENERATE_INFOPLIST_FILE = YES;
				INFOPLIST_FILE = Info.plist;
				INFOPLIST_KEY_CFBundleDisplayName = Forma;
				INFOPLIST_KEY_UIApplicationSceneManifest_Generation = YES;
				INFOPLIST_KEY_UIApplicationSupportsIndirectInputEvents = YES;
				INFOPLIST_KEY_UILaunchScreen_Generation = YES;
				INFOPLIST_KEY_UIStatusBarStyle = UIStatusBarStyleDefault;
				INFOPLIST_KEY_UISupportedInterfaceOrientations_iPad = "UIInterfaceOrientationLandscapeLeft UIInterfaceOrientationLandscapeRight";
				INFOPLIST_KEY_UISupportedInterfaceOrientations_iPhone = UIInterfaceOrientationPortrait;
				LD_RUNPATH_SEARCH_PATHS = (
					"$(inherited)",
					"@executable_path/Frameworks",
				);
				MARKETING_VERSION = 1.0;
				PRODUCT_BUNDLE_IDENTIFIER = "jashanveer.forma-ios";
				PRODUCT_NAME = "$(TARGET_NAME)";
				STRING_CATALOG_GENERATE_SYMBOLS = YES;
				SWIFT_APPROACHABLE_CONCURRENCY = YES;
				SWIFT_DEFAULT_ACTOR_ISOLATION = MainActor;
				SWIFT_EMIT_LOC_STRINGS = YES;
				SWIFT_UPCOMING_FEATURE_MEMBER_IMPORT_VISIBILITY = YES;
				SWIFT_VERSION = 5.0;
				TARGETED_DEVICE_FAMILY = "1,2";
			};
			name = Debug;
		};
		9B1D79512F96937A00717AF7 /* Release */ = {
			isa = XCBuildConfiguration;
			buildSettings = {
				ASSETCATALOG_COMPILER_APPICON_NAME = AppIcon;
				ASSETCATALOG_COMPILER_GLOBAL_ACCENT_COLOR_NAME = AccentColor;
				CODE_SIGN_ENTITLEMENTS = "forma-ios.entitlements";
				CODE_SIGN_STYLE = Automatic;
				CURRENT_PROJECT_VERSION = 1;
				DEVELOPMENT_TEAM = YLN8JUVVX3;
				ENABLE_PREVIEWS = YES;
				GENERATE_INFOPLIST_FILE = YES;
				INFOPLIST_KEY_CFBundleDisplayName = Forma;
				INFOPLIST_KEY_UIApplicationSceneManifest_Generation = YES;
				INFOPLIST_KEY_UIApplicationSupportsIndirectInputEvents = YES;
				INFOPLIST_KEY_UILaunchScreen_Generation = YES;
				INFOPLIST_KEY_UIStatusBarStyle = UIStatusBarStyleDefault;
				INFOPLIST_KEY_UISupportedInterfaceOrientations_iPad = "UIInterfaceOrientationLandscapeLeft UIInterfaceOrientationLandscapeRight";
				INFOPLIST_KEY_UISupportedInterfaceOrientations_iPhone = UIInterfaceOrientationPortrait;
				LD_RUNPATH_SEARCH_PATHS = (
					"$(inherited)",
					"@executable_path/Frameworks",
				);
				MARKETING_VERSION = 1.0;
				PRODUCT_BUNDLE_IDENTIFIER = "jashanveer.forma-ios";
				PRODUCT_NAME = "$(TARGET_NAME)";
				STRING_CATALOG_GENERATE_SYMBOLS = YES;
				SWIFT_APPROACHABLE_CONCURRENCY = YES;
				SWIFT_DEFAULT_ACTOR_ISOLATION = MainActor;
				SWIFT_EMIT_LOC_STRINGS = YES;
				SWIFT_UPCOMING_FEATURE_MEMBER_IMPORT_VISIBILITY = YES;
				SWIFT_VERSION = 5.0;
				TARGETED_DEVICE_FAMILY = "1,2";
			};
			name = Release;
		};
		9B1D79532F96937A00717AF7 /* Debug */ = {
			isa = XCBuildConfiguration;
			buildSettings = {
				BUNDLE_LOADER = "$(TEST_HOST)";
				CODE_SIGN_STYLE = Automatic;
				CURRENT_PROJECT_VERSION = 1;
				DEVELOPMENT_TEAM = YLN8JUVVX3;
				GENERATE_INFOPLIST_FILE = YES;
				IPHONEOS_DEPLOYMENT_TARGET = 26.4;
				MARKETING_VERSION = 1.0;
				PRODUCT_BUNDLE_IDENTIFIER = "jashanveer.forma-iosTests";
				PRODUCT_NAME = "$(TARGET_NAME)";
				STRING_CATALOG_GENERATE_SYMBOLS = NO;
				SWIFT_APPROACHABLE_CONCURRENCY = YES;
				SWIFT_EMIT_LOC_STRINGS = NO;
				SWIFT_UPCOMING_FEATURE_MEMBER_IMPORT_VISIBILITY = YES;
				SWIFT_VERSION = 5.0;
				TARGETED_DEVICE_FAMILY = "1,2";
				TEST_HOST = "$(BUILT_PRODUCTS_DIR)/forma-ios.app/$(BUNDLE_EXECUTABLE_FOLDER_PATH)/forma-ios";
			};
			name = Debug;
		};
		9B1D79542F96937A00717AF7 /* Release */ = {
			isa = XCBuildConfiguration;
			buildSettings = {
				BUNDLE_LOADER = "$(TEST_HOST)";
				CODE_SIGN_STYLE = Automatic;
				CURRENT_PROJECT_VERSION = 1;
				DEVELOPMENT_TEAM = YLN8JUVVX3;
				GENERATE_INFOPLIST_FILE = YES;
				IPHONEOS_DEPLOYMENT_TARGET = 26.4;
				MARKETING_VERSION = 1.0;
				PRODUCT_BUNDLE_IDENTIFIER = "jashanveer.forma-iosTests";
				PRODUCT_NAME = "$(TARGET_NAME)";
				STRING_CATALOG_GENERATE_SYMBOLS = NO;
				SWIFT_APPROACHABLE_CONCURRENCY = YES;
				SWIFT_EMIT_LOC_STRINGS = NO;
				SWIFT_UPCOMING_FEATURE_MEMBER_IMPORT_VISIBILITY = YES;
				SWIFT_VERSION = 5.0;
				TARGETED_DEVICE_FAMILY = "1,2";
				TEST_HOST = "$(BUILT_PRODUCTS_DIR)/forma-ios.app/$(BUNDLE_EXECUTABLE_FOLDER_PATH)/forma-ios";
			};
			name = Release;
		};
		9B1D79562F96937A00717AF7 /* Debug */ = {
			isa = XCBuildConfiguration;
			buildSettings = {
				CODE_SIGN_STYLE = Automatic;
				CURRENT_PROJECT_VERSION = 1;
				DEVELOPMENT_TEAM = YLN8JUVVX3;
				GENERATE_INFOPLIST_FILE = YES;
				MARKETING_VERSION = 1.0;
				PRODUCT_BUNDLE_IDENTIFIER = "jashanveer.forma-iosUITests";
				PRODUCT_NAME = "$(TARGET_NAME)";
				STRING_CATALOG_GENERATE_SYMBOLS = NO;
				SWIFT_APPROACHABLE_CONCURRENCY = YES;
				SWIFT_EMIT_LOC_STRINGS = NO;
				SWIFT_UPCOMING_FEATURE_MEMBER_IMPORT_VISIBILITY = YES;
				SWIFT_VERSION = 5.0;
				TARGETED_DEVICE_FAMILY = "1,2";
				TEST_TARGET_NAME = "forma-ios";
			};
			name = Debug;
		};
		9B1D79572F96937A00717AF7 /* Release */ = {
			isa = XCBuildConfiguration;
			buildSettings = {
				CODE_SIGN_STYLE = Automatic;
				CURRENT_PROJECT_VERSION = 1;
				DEVELOPMENT_TEAM = YLN8JUVVX3;
				GENERATE_INFOPLIST_FILE = YES;
				MARKETING_VERSION = 1.0;
				PRODUCT_BUNDLE_IDENTIFIER = "jashanveer.forma-iosUITests";
				PRODUCT_NAME = "$(TARGET_NAME)";
				STRING_CATALOG_GENERATE_SYMBOLS = NO;
				SWIFT_APPROACHABLE_CONCURRENCY = YES;
				SWIFT_EMIT_LOC_STRINGS = NO;
				SWIFT_UPCOMING_FEATURE_MEMBER_IMPORT_VISIBILITY = YES;
				SWIFT_VERSION = 5.0;
				TARGETED_DEVICE_FAMILY = "1,2";
				TEST_TARGET_NAME = "forma-ios";
			};
			name = Release;
		};
		9B49CDA82F9BD0CE001B86CD /* Debug */ = {
			isa = XCBuildConfiguration;
			buildSettings = {
				CODE_SIGN_ENTITLEMENTS = ScreenTimeMonitor/ScreenTimeMonitor.entitlements;
				CODE_SIGN_STYLE = Automatic;
				CURRENT_PROJECT_VERSION = 1;
				DEVELOPMENT_TEAM = YLN8JUVVX3;
				GENERATE_INFOPLIST_FILE = YES;
				INFOPLIST_FILE = ScreenTimeMonitor/Info.plist;
				INFOPLIST_KEY_CFBundleDisplayName = ScreenTimeMonitor;
				INFOPLIST_KEY_NSHumanReadableCopyright = "";
				LD_RUNPATH_SEARCH_PATHS = (
					"$(inherited)",
					"@executable_path/Frameworks",
					"@executable_path/../../Frameworks",
				);
				MARKETING_VERSION = 1.0;
				PRODUCT_BUNDLE_IDENTIFIER = "jashanveer.forma-ios.ScreenTimeMonitor";
				PRODUCT_NAME = "$(TARGET_NAME)";
				SKIP_INSTALL = YES;
				STRING_CATALOG_GENERATE_SYMBOLS = YES;
				SWIFT_APPROACHABLE_CONCURRENCY = YES;
				SWIFT_EMIT_LOC_STRINGS = YES;
				SWIFT_UPCOMING_FEATURE_MEMBER_IMPORT_VISIBILITY = YES;
				SWIFT_VERSION = 5.0;
				TARGETED_DEVICE_FAMILY = "1,2";
			};
			name = Debug;
		};
		9B49CDA92F9BD0CE001B86CD /* Release */ = {
			isa = XCBuildConfiguration;
			buildSettings = {
				CODE_SIGN_ENTITLEMENTS = ScreenTimeMonitor/ScreenTimeMonitor.entitlements;
				CODE_SIGN_STYLE = Automatic;
				CURRENT_PROJECT_VERSION = 1;
				DEVELOPMENT_TEAM = YLN8JUVVX3;
				GENERATE_INFOPLIST_FILE = YES;
				INFOPLIST_FILE = ScreenTimeMonitor/Info.plist;
				INFOPLIST_KEY_CFBundleDisplayName = ScreenTimeMonitor;
				INFOPLIST_KEY_NSHumanReadableCopyright = "";
				LD_RUNPATH_SEARCH_PATHS = (
					"$(inherited)",
					"@executable_path/Frameworks",
					"@executable_path/../../Frameworks",
				);
				MARKETING_VERSION = 1.0;
				PRODUCT_BUNDLE_IDENTIFIER = "jashanveer.forma-ios.ScreenTimeMonitor";
				PRODUCT_NAME = "$(TARGET_NAME)";
				SKIP_INSTALL = YES;
				STRING_CATALOG_GENERATE_SYMBOLS = YES;
				SWIFT_APPROACHABLE_CONCURRENCY = YES;
				SWIFT_EMIT_LOC_STRINGS = YES;
				SWIFT_UPCOMING_FEATURE_MEMBER_IMPORT_VISIBILITY = YES;
				SWIFT_VERSION = 5.0;
				TARGETED_DEVICE_FAMILY = "1,2";
			};
			name = Release;
		};
/* End XCBuildConfiguration section */

/* Begin XCConfigurationList section */
		9B1D79272F96937600717AF7 /* Build configuration list for PBXProject "forma-ios" */ = {
			isa = XCConfigurationList;
			buildConfigurations = (
				9B1D794D2F96937A00717AF7 /* Debug */,
				9B1D794E2F96937A00717AF7 /* Release */,
			);
			defaultConfigurationIsVisible = 0;
			defaultConfigurationName = Release;
		};
		9B1D794F2F96937A00717AF7 /* Build configuration list for PBXNativeTarget "forma-ios" */ = {
			isa = XCConfigurationList;
			buildConfigurations = (
				9B1D79502F96937A00717AF7 /* Debug */,
				9B1D79512F96937A00717AF7 /* Release */,
			);
			defaultConfigurationIsVisible = 0;
			defaultConfigurationName = Release;
		};
		9B1D79522F96937A00717AF7 /* Build configuration list for PBXNativeTarget "forma-iosTests" */ = {
			isa = XCConfigurationList;
			buildConfigurations = (
				9B1D79532F96937A00717AF7 /* Debug */,
				9B1D79542F96937A00717AF7 /* Release */,
			);
			defaultConfigurationIsVisible = 0;
			defaultConfigurationName = Release;
		};
		9B1D79552F96937A00717AF7 /* Build configuration list for PBXNativeTarget "forma-iosUITests" */ = {
			isa = XCConfigurationList;
			buildConfigurations = (
				9B1D79562F96937A00717AF7 /* Debug */,
				9B1D79572F96937A00717AF7 /* Release */,
			);
			defaultConfigurationIsVisible = 0;
			defaultConfigurationName = Release;
		};
		9B49CDAB2F9BD0CE001B86CD /* Build configuration list for PBXNativeTarget "ScreenTimeMonitor" */ = {
			isa = XCConfigurationList;
			buildConfigurations = (
				9B49CDA82F9BD0CE001B86CD /* Debug */,
				9B49CDA92F9BD0CE001B86CD /* Release */,
			);
			defaultConfigurationIsVisible = 0;
			defaultConfigurationName = Release;
		};
		ADA955FA4D38EA6E3736755C /* Build configuration list for PBXNativeTarget "FormaWidgets" */ = {
			isa = XCConfigurationList;
			buildConfigurations = (
				5CA701396E3B0E05403EE438 /* Debug */,
				373C165C4457C7C2F4355B9C /* Release */,
			);
			defaultConfigurationIsVisible = 0;
			defaultConfigurationName = Release;
		};
/* End XCConfigurationList section */
	};
	rootObject = 9B1D79242F96937600717AF7 /* Project object */;
}
